
Microsoft Visual Studio Solution File, Format Version 12.00
# Visual Studio Version 17
VisualStudioVersion = 17.7.34018.315
MinimumVisualStudioVersion = 10.0.40219.1
Project("{FAE04EC0-301F-11D3-BF4B-00C04F79EFBC}") = "CommonData", "CommonData\CommonData.csproj", "{6963F234-2D09-4BF1-AAE0-4548D30F9C18}"
EndProject
Global
	GlobalSection(SolutionConfigurationPlatforms) = preSolution
		Debug|Any CPU = Debug|Any CPU
		Release|Any CPU = Release|Any CPU
	EndGlobalSection
	GlobalSection(ProjectConfigurationPlatforms) = postSolution
		{6963F234-2D09-4BF1-AAE0-4548D30F9C18}.Debug|Any CPU.ActiveCfg = Debug|Any CPU
		{6963F234-2D09-4BF1-AAE0-4548D30F9C18}.Debug|Any CPU.Build.0 = Debug|Any CPU
		{6963F234-2D09-4BF1-AAE0-4548D30F9C18}.Release|Any CPU.ActiveCfg = Release|Any CPU
		{6963F234-2D09-4BF1-AAE0-4548D30F9C18}.Release|Any CPU.Build.0 = Release|Any CPU
	EndGlobalSection
	GlobalSection(SolutionProperties) = preSolution
		HideSolutionNode = FALSE
	EndGlobalSection
	GlobalSection(ExtensibilityGlobals) = postSolution
		SolutionGuid = {D9E5D0FB-1CD8-4540-93BD-2BDEEFE622B3}
	EndGlobalSection
EndGlobal
